
Microsoft Visual Studio Solution File, Format Version 12.00
# Visual Studio Version 16
VisualStudioVersion = 16.0.30621.155
MinimumVisualStudioVersion = 10.0.40219.1
Project("{2150E333-8FDC-42A3-9474-1A3956D46DE8}") = "Apps", "Apps", "{FEA621C6-E63F-4810-BC3D-63306D5F292E}"
EndProject
Project("{9A19103F-16F7-4668-BE54-9A1E7A4F7556}") = "mkdb", "RefLibToJson\mkdb.csproj", "{06373EDC-D58C-49B8-AF7D-53A7CD4F2A63}"
EndProject
Project("{9A19103F-16F7-4668-BE54-9A1E7A4F7556}") = "UnitTests", "UnitTests\UnitTests.csproj", "{91E22151-5585-4790-BBFE-F54FF55C075D}"
EndProject
Project("{9A19103F-16F7-4668-BE54-9A1E7A4F7556}") = "Evaluation", "Evaluation\Evaluation.csproj", "{55FEA464-B97F-467F-AF1C-8882A3B2EBE1}"
EndProject
Project("{9A19103F-16F7-4668-BE54-9A1E7A4F7556}") = "Models", "Models\Models.csproj", "{4D4D2A88-C7A7-48C3-B2E3-562BF88FA69A}"
EndProject
Project("{9A19103F-16F7-4668-BE54-9A1E7A4F7556}") = "ReferenceLibrary", "ReferenceLibrary\ReferenceLibrary.csproj", "{39C5804C-C189-499A-9976-BEC7C7F2DFDB}"
EndProject
Project("{9A19103F-16F7-4668-BE54-9A1E7A4F7556}") = "Utility", "Utility\Utility.csproj", "{08379D8B-23C9-4EE0-924F-7ED79E519682}"
EndProject
Global
	GlobalSection(SolutionConfigurationPlatforms) = preSolution
		Debug|Any CPU = Debug|Any CPU
		Release|Any CPU = Release|Any CPU
	EndGlobalSection
	GlobalSection(ProjectConfigurationPlatforms) = postSolution
		{06373EDC-D58C-49B8-AF7D-53A7CD4F2A63}.Debug|Any CPU.ActiveCfg = Debug|Any CPU
		{06373EDC-D58C-49B8-AF7D-53A7CD4F2A63}.Debug|Any CPU.Build.0 = Debug|Any CPU
		{06373EDC-D58C-49B8-AF7D-53A7CD4F2A63}.Release|Any CPU.ActiveCfg = Release|Any CPU
		{06373EDC-D58C-49B8-AF7D-53A7CD4F2A63}.Release|Any CPU.Build.0 = Release|Any CPU
		{91E22151-5585-4790-BBFE-F54FF55C075D}.Debug|Any CPU.ActiveCfg = Debug|Any CPU
		{91E22151-5585-4790-BBFE-F54FF55C075D}.Debug|Any CPU.Build.0 = Debug|Any CPU
		{91E22151-5585-4790-BBFE-F54FF55C075D}.Release|Any CPU.ActiveCfg = Release|Any CPU
		{91E22151-5585-4790-BBFE-F54FF55C075D}.Release|Any CPU.Build.0 = Release|Any CPU
		{55FEA464-B97F-467F-AF1C-8882A3B2EBE1}.Debug|Any CPU.ActiveCfg = Debug|Any CPU
		{55FEA464-B97F-467F-AF1C-8882A3B2EBE1}.Debug|Any CPU.Build.0 = Debug|Any CPU
		{55FEA464-B97F-467F-AF1C-8882A3B2EBE1}.Release|Any CPU.ActiveCfg = Release|Any CPU
		{55FEA464-B97F-467F-AF1C-8882A3B2EBE1}.Release|Any CPU.Build.0 = Release|Any CPU
		{4D4D2A88-C7A7-48C3-B2E3-562BF88FA69A}.Debug|Any CPU.ActiveCfg = Debug|Any CPU
		{4D4D2A88-C7A7-48C3-B2E3-562BF88FA69A}.Debug|Any CPU.Build.0 = Debug|Any CPU
		{4D4D2A88-C7A7-48C3-B2E3-562BF88FA69A}.Release|Any CPU.ActiveCfg = Release|Any CPU
		{4D4D2A88-C7A7-48C3-B2E3-562BF88FA69A}.Release|Any CPU.Build.0 = Release|Any CPU
		{39C5804C-C189-499A-9976-BEC7C7F2DFDB}.Debug|Any CPU.ActiveCfg = Debug|Any CPU
		{39C5804C-C189-499A-9976-BEC7C7F2DFDB}.Debug|Any CPU.Build.0 = Debug|Any CPU
		{39C5804C-C189-499A-9976-BEC7C7F2DFDB}.Release|Any CPU.ActiveCfg = Release|Any CPU
		{39C5804C-C189-499A-9976-BEC7C7F2DFDB}.Release|Any CPU.Build.0 = Release|Any CPU
		{08379D8B-23C9-4EE0-924F-7ED79E519682}.Debug|Any CPU.ActiveCfg = Debug|Any CPU
		{08379D8B-23C9-4EE0-924F-7ED79E519682}.Debug|Any CPU.Build.0 = Debug|Any CPU
		{08379D8B-23C9-4EE0-924F-7ED79E519682}.Release|Any CPU.ActiveCfg = Release|Any CPU
		{08379D8B-23C9-4EE0-924F-7ED79E519682}.Release|Any CPU.Build.0 = Release|Any CPU
	EndGlobalSection
	GlobalSection(SolutionProperties) = preSolution
		HideSolutionNode = FALSE
	EndGlobalSection
	GlobalSection(NestedProjects) = preSolution
		{06373EDC-D58C-49B8-AF7D-53A7CD4F2A63} = {FEA621C6-E63F-4810-BC3D-63306D5F292E}
	EndGlobalSection
	GlobalSection(ExtensibilityGlobals) = postSolution
		SolutionGuid = {029E4A54-6A35-4BD8-8D17-A81B83A7823E}
	EndGlobalSection
EndGlobal
